
Microsoft Visual Studio Solution File, Format Version 12.00
# Visual Studio Version 17
VisualStudioVersion = 17.4.33213.308
MinimumVisualStudioVersion = 10.0.40219.1
Project("{FAE04EC0-301F-11D3-BF4B-00C04F79EFBC}") = "CSC316Assignment2", "CSC316Assignment2\CSC316Assignment2.csproj", "{F6DEBED4-1F82-431A-BEA0-A11A2FDC290E}"
EndProject
Global
	GlobalSection(SolutionConfigurationPlatforms) = preSolution
		Debug|Any CPU = Debug|Any CPU
		Release|Any CPU = Release|Any CPU
	EndGlobalSection
	GlobalSection(ProjectConfigurationPlatforms) = postSolution
		{F6DEBED4-1F82-431A-BEA0-A11A2FDC290E}.Debug|Any CPU.ActiveCfg = Debug|Any CPU
		{F6DEBED4-1F82-431A-BEA0-A11A2FDC290E}.Debug|Any CPU.Build.0 = Debug|Any CPU
		{F6DEBED4-1F82-431A-BEA0-A11A2FDC290E}.Release|Any CPU.ActiveCfg = Release|Any CPU
		{F6DEBED4-1F82-431A-BEA0-A11A2FDC290E}.Release|Any CPU.Build.0 = Release|Any CPU
	EndGlobalSection
	GlobalSection(SolutionProperties) = preSolution
		HideSolutionNode = FALSE
	EndGlobalSection
	GlobalSection(ExtensibilityGlobals) = postSolution
		SolutionGuid = {583B4EA2-063F-462C-BF8A-10DC3E7CF485}
	EndGlobalSection
EndGlobal
